Microsoft Visual Studio Solution File, Format Version 11.00
# Visual Studio 2008

Project("{5434591A-0735-0B42-171D-2976F9266FB6}") = "Osomatsusan2", "Assembly-CSharp.csproj", "{81C55F10-CBE6-0976-584C-146F8191C457}"
EndProject
Project("{5434591A-0735-0B42-171D-2976F9266FB6}") = "Osomatsusan2", "Assembly-UnityScript.unityproj", "{006E5B79-D8ED-CEF5-F636-55C4C8CA669D}"
EndProject
Global
	GlobalSection(SolutionConfigurationPlatforms) = preSolution
		Debug|Any CPU = Debug|Any CPU
		Release|Any CPU = Release|Any CPU
	EndGlobalSection
	GlobalSection(ProjectConfigurationPlatforms) = postSolution
		{81C55F10-CBE6-0976-584C-146F8191C457}.Debug|Any CPU.ActiveCfg = Debug|Any CPU
		{81C55F10-CBE6-0976-584C-146F8191C457}.Debug|Any CPU.Build.0 = Debug|Any CPU
		{81C55F10-CBE6-0976-584C-146F8191C457}.Release|Any CPU.ActiveCfg = Release|Any CPU
		{81C55F10-CBE6-0976-584C-146F8191C457}.Release|Any CPU.Build.0 = Release|Any CPU
		{006E5B79-D8ED-CEF5-F636-55C4C8CA669D}.Debug|Any CPU.ActiveCfg = Debug|Any CPU
		{006E5B79-D8ED-CEF5-F636-55C4C8CA669D}.Debug|Any CPU.Build.0 = Debug|Any CPU
		{006E5B79-D8ED-CEF5-F636-55C4C8CA669D}.Release|Any CPU.ActiveCfg = Release|Any CPU
		{006E5B79-D8ED-CEF5-F636-55C4C8CA669D}.Release|Any CPU.Build.0 = Release|Any CPU
	EndGlobalSection
	GlobalSection(SolutionProperties) = preSolution
		HideSolutionNode = FALSE
	EndGlobalSection
	GlobalSection(MonoDevelopProperties) = preSolution
		StartupItem = Assembly-CSharp.csproj
	EndGlobalSection
EndGlobal
